
Microsoft Visual Studio Solution File, Format Version 12.00
# Visual Studio Version 17
VisualStudioVersion = 17.5.002.0
MinimumVisualStudioVersion = 10.0.40219.1
Project("{9A19103F-16F7-4668-BE54-9A1E7A4F7556}") = "dotNet", "dotNet.csproj", "{D099217B-F04E-4A8C-84F4-04DF64900322}"
EndProject
Global
	GlobalSection(SolutionConfigurationPlatforms) = preSolution
		Debug|Any CPU = Debug|Any CPU
		Release|Any CPU = Release|Any CPU
	EndGlobalSection
	GlobalSection(ProjectConfigurationPlatforms) = postSolution
		{D099217B-F04E-4A8C-84F4-04DF64900322}.Debug|Any CPU.ActiveCfg = Debug|Any CPU
		{D099217B-F04E-4A8C-84F4-04DF64900322}.Debug|Any CPU.Build.0 = Debug|Any CPU
		{D099217B-F04E-4A8C-84F4-04DF64900322}.Release|Any CPU.ActiveCfg = Release|Any CPU
		{D099217B-F04E-4A8C-84F4-04DF64900322}.Release|Any CPU.Build.0 = Release|Any CPU
	EndGlobalSection
	GlobalSection(SolutionProperties) = preSolution
		HideSolutionNode = FALSE
	EndGlobalSection
	GlobalSection(ExtensibilityGlobals) = postSolution
		SolutionGuid = {8A880712-28AA-43B9-B3CF-5D6E016CAC8C}
	EndGlobalSection
EndGlobal
